
Microsoft Visual Studio Solution File, Format Version 12.00
# Visual Studio Version 17
VisualStudioVersion = 17.0.31903.59
MinimumVisualStudioVersion = 10.0.40219.1
Project("{2150E333-8FDC-42A3-9474-1A3956D46DE8}") = "SourceCode", "SourceCode", "{C0637F39-4BAA-4FE4-A8C6-3AFD06786777}"
EndProject
Project("{2150E333-8FDC-42A3-9474-1A3956D46DE8}") = "Application", "Application", "{4729396E-17F9-4491-8598-2DC359A046F3}"
EndProject
Project("{2150E333-8FDC-42A3-9474-1A3956D46DE8}") = "Core", "Core", "{CF2E9506-A299-468A-BB3F-9E598CC8511F}"
EndProject
Project("{2150E333-8FDC-42A3-9474-1A3956D46DE8}") = "Infrastructure", "Infrastructure", "{BE8EBC88-EDE2-4965-9159-42B52F2482C6}"
EndProject
Project("{FAE04EC0-301F-11D3-BF4B-00C04F79EFBC}") = "SAS.ScrapingService.Application", "Application\SAS.ScrapingService.Application\SAS.ScrapingService.Application.csproj", "{A8731B76-B0F9-4AB9-A1B9-18CA59C1B61A}"
EndProject
Project("{FAE04EC0-301F-11D3-BF4B-00C04F79EFBC}") = "SAS.ScrapingService.Core", "Core\SAS.ScrapingService.Core\SAS.ScrapingService.Core.csproj", "{847115C0-60C6-41FC-BFF2-56DEE4E92B4F}"
EndProject
Project("{FAE04EC0-301F-11D3-BF4B-00C04F79EFBC}") = "SAS.ScrapingService.Infrastructure", "Infrastructure\SAS.ScrapingService.Infrastructure\SAS.ScrapingService.Infrastructure.csproj", "{8ABA183C-BE3A-4EBA-89F1-56AC99A7A313}"
EndProject
Global
	GlobalSection(SolutionConfigurationPlatforms) = preSolution
		Debug|Any CPU = Debug|Any CPU
		Release|Any CPU = Release|Any CPU
	EndGlobalSection
	GlobalSection(ProjectConfigurationPlatforms) = postSolution
		{A8731B76-B0F9-4AB9-A1B9-18CA59C1B61A}.Debug|Any CPU.ActiveCfg = Debug|Any CPU
		{A8731B76-B0F9-4AB9-A1B9-18CA59C1B61A}.Debug|Any CPU.Build.0 = Debug|Any CPU
		{A8731B76-B0F9-4AB9-A1B9-18CA59C1B61A}.Release|Any CPU.ActiveCfg = Release|Any CPU
		{A8731B76-B0F9-4AB9-A1B9-18CA59C1B61A}.Release|Any CPU.Build.0 = Release|Any CPU
		{847115C0-60C6-41FC-BFF2-56DEE4E92B4F}.Debug|Any CPU.ActiveCfg = Debug|Any CPU
		{847115C0-60C6-41FC-BFF2-56DEE4E92B4F}.Debug|Any CPU.Build.0 = Debug|Any CPU
		{847115C0-60C6-41FC-BFF2-56DEE4E92B4F}.Release|Any CPU.ActiveCfg = Release|Any CPU
		{847115C0-60C6-41FC-BFF2-56DEE4E92B4F}.Release|Any CPU.Build.0 = Release|Any CPU
		{8ABA183C-BE3A-4EBA-89F1-56AC99A7A313}.Debug|Any CPU.ActiveCfg = Debug|Any CPU
		{8ABA183C-BE3A-4EBA-89F1-56AC99A7A313}.Debug|Any CPU.Build.0 = Debug|Any CPU
		{8ABA183C-BE3A-4EBA-89F1-56AC99A7A313}.Release|Any CPU.ActiveCfg = Release|Any CPU
		{8ABA183C-BE3A-4EBA-89F1-56AC99A7A313}.Release|Any CPU.Build.0 = Release|Any CPU
	EndGlobalSection
	GlobalSection(SolutionProperties) = preSolution
		HideSolutionNode = FALSE
	EndGlobalSection
	GlobalSection(NestedProjects) = preSolution
		{4729396E-17F9-4491-8598-2DC359A046F3} = {C0637F39-4BAA-4FE4-A8C6-3AFD06786777}
		{CF2E9506-A299-468A-BB3F-9E598CC8511F} = {C0637F39-4BAA-4FE4-A8C6-3AFD06786777}
		{BE8EBC88-EDE2-4965-9159-42B52F2482C6} = {C0637F39-4BAA-4FE4-A8C6-3AFD06786777}
		{A8731B76-B0F9-4AB9-A1B9-18CA59C1B61A} = {4729396E-17F9-4491-8598-2DC359A046F3}
		{847115C0-60C6-41FC-BFF2-56DEE4E92B4F} = {CF2E9506-A299-468A-BB3F-9E598CC8511F}
		{8ABA183C-BE3A-4EBA-89F1-56AC99A7A313} = {BE8EBC88-EDE2-4965-9159-42B52F2482C6}
	EndGlobalSection
	GlobalSection(ExtensibilityGlobals) = postSolution
		SolutionGuid = {E4915E8D-0DAC-4FCC-BE55-5A6EFF80B2C4}
	EndGlobalSection
EndGlobal
